[0m[1mmodule.ecr.aws_ecr_repository.repos["production/redis"]: Refreshing state... [id=production/production/redis][0m
[0m[1mmodule.ecr.aws_ecr_repository.repos["production/kma-api"]: Refreshing state... [id=production/production/kma-api][0m
[0m[1mmodule.ecr.aws_ecr_repository.repos["production/energy-api"]: Refreshing state... [id=production/production/energy-api][0m
[0m[1mmodule.ecr.aws_ecr_repository.repos["production/auth-chat-api"]: Refreshing state... [id=production/production/auth-chat-api][0m
[0m[1mmodule.s3.aws_s3_bucket.dr_backup: Refreshing state... [id=dr-dr-backup-ap-northeast-2][0m
[0m[1mmodule.ecr.aws_ecr_repository.repos["production/dr-worker"]: Refreshing state... [id=production/production/dr-worker][0m
[0m[1mmodule.ecr.aws_ecr_repository.repos["production/web-v2-dashboard"]: Refreshing state... [id=production/production/web-v2-dashboard][0m
[0m[1mmodule.ecr.aws_ecr_repository.repos["production/ai-rag"]: Refreshing state... [id=production/production/ai-rag][0m
[0m[1mmodule.ecr.aws_ecr_lifecycle_policy.repo_policy["production/dr-worker"]: Refreshing state... [id=production/production/dr-worker][0m
[0m[1mmodule.ecr.aws_ecr_lifecycle_policy.repo_policy["production/energy-api"]: Refreshing state... [id=production/production/energy-api][0m
[0m[1mmodule.ecr.aws_ecr_lifecycle_policy.repo_policy["production/ai-rag"]: Refreshing state... [id=production/production/ai-rag][0m
[0m[1mmodule.ecr.aws_ecr_lifecycle_policy.repo_policy["production/redis"]: Refreshing state... [id=production/production/redis][0m
[0m[1mmodule.ecr.aws_ecr_lifecycle_policy.repo_policy["production/auth-chat-api"]: Refreshing state... [id=production/production/auth-chat-api][0m
[0m[1mmodule.ecr.aws_ecr_lifecycle_policy.repo_policy["production/web-v2-dashboard"]: Refreshing state... [id=production/production/web-v2-dashboard][0m
[0m[1mmodule.ecr.aws_ecr_lifecycle_policy.repo_policy["production/kma-api"]: Refreshing state... [id=production/production/kma-api][0m
[0m[1mmodule.s3.aws_s3_bucket_versioning.versioning: Refreshing state... [id=dr-dr-backup-ap-northeast-2][0m
[0m[1mmodule.s3.aws_s3_bucket_server_side_encryption_configuration.encryption: Refreshing state... [id=dr-dr-backup-ap-northeast-2][0m
[0m[1mmodule.s3.aws_s3_bucket_public_access_block.block: Refreshing state... [id=dr-dr-backup-ap-northeast-2][0m

Terraform used the selected providers to generate the following execution
plan. Resource actions are indicated with the following symbols:
  [32m+[0m create[0m
  [31m-[0m destroy[0m

Terraform will perform the following actions:

[1m  # module.ecr.aws_ecr_lifecycle_policy.repo_policy["ai-rag"][0m will be created
[0m  [32m+[0m[0m resource "aws_ecr_lifecycle_policy" "repo_policy" {
      [32m+[0m[0m id          = (known after apply)
      [32m+[0m[0m policy      = jsonencode(
            {
              [32m+[0m[0m rules = [
                  [32m+[0m[0m {
                      [32m+[0m[0m action       = {
                          [32m+[0m[0m type = "expire"
                        }
                      [32m+[0m[0m description  = "Keep last 10 images"
                      [32m+[0m[0m rulePriority = 1
                      [32m+[0m[0m selection    = {
                          [32m+[0m[0m countNumber = 10
                          [32m+[0m[0m countType   = "imageCountMoreThan"
                          [32m+[0m[0m tagStatus   = "any"
                        }
                    },
                ]
            }
        )
      [32m+[0m[0m registry_id = (known after apply)
      [32m+[0m[0m repository  = "production/ai-rag"
    }

[1m  # module.ecr.aws_ecr_lifecycle_policy.repo_policy["auth-chat-api"][0m will be created
[0m  [32m+[0m[0m resource "aws_ecr_lifecycle_policy" "repo_policy" {
      [32m+[0m[0m id          = (known after apply)
      [32m+[0m[0m policy      = jsonencode(
            {
              [32m+[0m[0m rules = [
                  [32m+[0m[0m {
                      [32m+[0m[0m action       = {
                          [32m+[0m[0m type = "expire"
                        }
                      [32m+[0m[0m description  = "Keep last 10 images"
                      [32m+[0m[0m rulePriority = 1
                      [32m+[0m[0m selection    = {
                          [32m+[0m[0m countNumber = 10
                          [32m+[0m[0m countType   = "imageCountMoreThan"
                          [32m+[0m[0m tagStatus   = "any"
                        }
                    },
                ]
            }
        )
      [32m+[0m[0m registry_id = (known after apply)
      [32m+[0m[0m repository  = "production/auth-chat-api"
    }

[1m  # module.ecr.aws_ecr_lifecycle_policy.repo_policy["dr-worker"][0m will be created
[0m  [32m+[0m[0m resource "aws_ecr_lifecycle_policy" "repo_policy" {
      [32m+[0m[0m id          = (known after apply)
      [32m+[0m[0m policy      = jsonencode(
            {
              [32m+[0m[0m rules = [
                  [32m+[0m[0m {
                      [32m+[0m[0m action       = {
                          [32m+[0m[0m type = "expire"
                        }
                      [32m+[0m[0m description  = "Keep last 10 images"
                      [32m+[0m[0m rulePriority = 1
                      [32m+[0m[0m selection    = {
                          [32m+[0m[0m countNumber = 10
                          [32m+[0m[0m countType   = "imageCountMoreThan"
                          [32m+[0m[0m tagStatus   = "any"
                        }
                    },
                ]
            }
        )
      [32m+[0m[0m registry_id = (known after apply)
      [32m+[0m[0m repository  = "production/dr-worker"
    }

[1m  # module.ecr.aws_ecr_lifecycle_policy.repo_policy["energy-api"][0m will be created
[0m  [32m+[0m[0m resource "aws_ecr_lifecycle_policy" "repo_policy" {
      [32m+[0m[0m id          = (known after apply)
      [32m+[0m[0m policy      = jsonencode(
            {
              [32m+[0m[0m rules = [
                  [32m+[0m[0m {
                      [32m+[0m[0m action       = {
                          [32m+[0m[0m type = "expire"
                        }
                      [32m+[0m[0m description  = "Keep last 10 images"
                      [32m+[0m[0m rulePriority = 1
                      [32m+[0m[0m selection    = {
                          [32m+[0m[0m countNumber = 10
                          [32m+[0m[0m countType   = "imageCountMoreThan"
                          [32m+[0m[0m tagStatus   = "any"
                        }
                    },
                ]
            }
        )
      [32m+[0m[0m registry_id = (known after apply)
      [32m+[0m[0m repository  = "production/energy-api"
    }

[1m  # module.ecr.aws_ecr_lifecycle_policy.repo_policy["kma-api"][0m will be created
[0m  [32m+[0m[0m resource "aws_ecr_lifecycle_policy" "repo_policy" {
      [32m+[0m[0m id          = (known after apply)
      [32m+[0m[0m policy      = jsonencode(
            {
              [32m+[0m[0m rules = [
                  [32m+[0m[0m {
                      [32m+[0m[0m action       = {
                          [32m+[0m[0m type = "expire"
                        }
                      [32m+[0m[0m description  = "Keep last 10 images"
                      [32m+[0m[0m rulePriority = 1
                      [32m+[0m[0m selection    = {
                          [32m+[0m[0m countNumber = 10
                          [32m+[0m[0m countType   = "imageCountMoreThan"
                          [32m+[0m[0m tagStatus   = "any"
                        }
                    },
                ]
            }
        )
      [32m+[0m[0m registry_id = (known after apply)
      [32m+[0m[0m repository  = "production/kma-api"
    }

[1m  # module.ecr.aws_ecr_lifecycle_policy.repo_policy["production/ai-rag"][0m will be [1m[31mdestroyed[0m
  # (because key ["production/ai-rag"] is not in for_each map)
[0m  [31m-[0m[0m resource "aws_ecr_lifecycle_policy" "repo_policy" {
      [31m-[0m[0m id          = "production/production/ai-rag" [90m-> null[0m[0m
      [31m-[0m[0m policy      = jsonencode(
            {
              [31m-[0m[0m rules = [
                  [31m-[0m[0m {
                      [31m-[0m[0m action       = {
                          [31m-[0m[0m type = "expire"
                        }
                      [31m-[0m[0m description  = "Keep last 10 images"
                      [31m-[0m[0m rulePriority = 1
                      [31m-[0m[0m selection    = {
                          [31m-[0m[0m countNumber = 10
                          [31m-[0m[0m countType   = "imageCountMoreThan"
                          [31m-[0m[0m tagStatus   = "any"
                        }
                    },
                ]
            }
        ) [90m-> null[0m[0m
      [31m-[0m[0m registry_id = "368352028691" [90m-> null[0m[0m
      [31m-[0m[0m repository  = "production/production/ai-rag" [90m-> null[0m[0m
    }

[1m  # module.ecr.aws_ecr_lifecycle_policy.repo_policy["production/auth-chat-api"][0m will be [1m[31mdestroyed[0m
  # (because key ["production/auth-chat-api"] is not in for_each map)
[0m  [31m-[0m[0m resource "aws_ecr_lifecycle_policy" "repo_policy" {
      [31m-[0m[0m id          = "production/production/auth-chat-api" [90m-> null[0m[0m
      [31m-[0m[0m policy      = jsonencode(
            {
              [31m-[0m[0m rules = [
                  [31m-[0m[0m {
                      [31m-[0m[0m action       = {
                          [31m-[0m[0m type = "expire"
                        }
                      [31m-[0m[0m description  = "Keep last 10 images"
                      [31m-[0m[0m rulePriority = 1
                      [31m-[0m[0m selection    = {
                          [31m-[0m[0m countNumber = 10
                          [31m-[0m[0m countType   = "imageCountMoreThan"
                          [31m-[0m[0m tagStatus   = "any"
                        }
                    },
                ]
            }
        ) [90m-> null[0m[0m
      [31m-[0m[0m registry_id = "368352028691" [90m-> null[0m[0m
      [31m-[0m[0m repository  = "production/production/auth-chat-api" [90m-> null[0m[0m
    }

[1m  # module.ecr.aws_ecr_lifecycle_policy.repo_policy["production/dr-worker"][0m will be [1m[31mdestroyed[0m
  # (because key ["production/dr-worker"] is not in for_each map)
[0m  [31m-[0m[0m resource "aws_ecr_lifecycle_policy" "repo_policy" {
      [31m-[0m[0m id          = "production/production/dr-worker" [90m-> null[0m[0m
      [31m-[0m[0m policy      = jsonencode(
            {
              [31m-[0m[0m rules = [
                  [31m-[0m[0m {
                      [31m-[0m[0m action       = {
                          [31m-[0m[0m type = "expire"
                        }
                      [31m-[0m[0m description  = "Keep last 10 images"
                      [31m-[0m[0m rulePriority = 1
                      [31m-[0m[0m selection    = {
                          [31m-[0m[0m countNumber = 10
                          [31m-[0m[0m countType   = "imageCountMoreThan"
                          [31m-[0m[0m tagStatus   = "any"
                        }
                    },
                ]
            }
        ) [90m-> null[0m[0m
      [31m-[0m[0m registry_id = "368352028691" [90m-> null[0m[0m
      [31m-[0m[0m repository  = "production/production/dr-worker" [90m-> null[0m[0m
    }

[1m  # module.ecr.aws_ecr_lifecycle_policy.repo_policy["production/energy-api"][0m will be [1m[31mdestroyed[0m
  # (because key ["production/energy-api"] is not in for_each map)
[0m  [31m-[0m[0m resource "aws_ecr_lifecycle_policy" "repo_policy" {
      [31m-[0m[0m id          = "production/production/energy-api" [90m-> null[0m[0m
      [31m-[0m[0m policy      = jsonencode(
            {
              [31m-[0m[0m rules = [
                  [31m-[0m[0m {
                      [31m-[0m[0m action       = {
                          [31m-[0m[0m type = "expire"
                        }
                      [31m-[0m[0m description  = "Keep last 10 images"
                      [31m-[0m[0m rulePriority = 1
                      [31m-[0m[0m selection    = {
                          [31m-[0m[0m countNumber = 10
                          [31m-[0m[0m countType   = "imageCountMoreThan"
                          [31m-[0m[0m tagStatus   = "any"
                        }
                    },
                ]
            }
        ) [90m-> null[0m[0m
      [31m-[0m[0m registry_id = "368352028691" [90m-> null[0m[0m
      [31m-[0m[0m repository  = "production/production/energy-api" [90m-> null[0m[0m
    }

[1m  # module.ecr.aws_ecr_lifecycle_policy.repo_policy["production/kma-api"][0m will be [1m[31mdestroyed[0m
  # (because key ["production/kma-api"] is not in for_each map)
[0m  [31m-[0m[0m resource "aws_ecr_lifecycle_policy" "repo_policy" {
      [31m-[0m[0m id          = "production/production/kma-api" [90m-> null[0m[0m
      [31m-[0m[0m policy      = jsonencode(
            {
              [31m-[0m[0m rules = [
                  [31m-[0m[0m {
                      [31m-[0m[0m action       = {
                          [31m-[0m[0m type = "expire"
                        }
                      [31m-[0m[0m description  = "Keep last 10 images"
                      [31m-[0m[0m rulePriority = 1
                      [31m-[0m[0m selection    = {
                          [31m-[0m[0m countNumber = 10
                          [31m-[0m[0m countType   = "imageCountMoreThan"
                          [31m-[0m[0m tagStatus   = "any"
                        }
                    },
                ]
            }
        ) [90m-> null[0m[0m
      [31m-[0m[0m registry_id = "368352028691" [90m-> null[0m[0m
      [31m-[0m[0m repository  = "production/production/kma-api" [90m-> null[0m[0m
    }

[1m  # module.ecr.aws_ecr_lifecycle_policy.repo_policy["production/redis"][0m will be [1m[31mdestroyed[0m
  # (because key ["production/redis"] is not in for_each map)
[0m  [31m-[0m[0m resource "aws_ecr_lifecycle_policy" "repo_policy" {
      [31m-[0m[0m id          = "production/production/redis" [90m-> null[0m[0m
      [31m-[0m[0m policy      = jsonencode(
            {
              [31m-[0m[0m rules = [
                  [31m-[0m[0m {
                      [31m-[0m[0m action       = {
                          [31m-[0m[0m type = "expire"
                        }
                      [31m-[0m[0m description  = "Keep last 10 images"
                      [31m-[0m[0m rulePriority = 1
                      [31m-[0m[0m selection    = {
                          [31m-[0m[0m countNumber = 10
                          [31m-[0m[0m countType   = "imageCountMoreThan"
                          [31m-[0m[0m tagStatus   = "any"
                        }
                    },
                ]
            }
        ) [90m-> null[0m[0m
      [31m-[0m[0m registry_id = "368352028691" [90m-> null[0m[0m
      [31m-[0m[0m repository  = "production/production/redis" [90m-> null[0m[0m
    }

[1m  # module.ecr.aws_ecr_lifecycle_policy.repo_policy["production/web-v2-dashboard"][0m will be [1m[31mdestroyed[0m
  # (because key ["production/web-v2-dashboard"] is not in for_each map)
[0m  [31m-[0m[0m resource "aws_ecr_lifecycle_policy" "repo_policy" {
      [31m-[0m[0m id          = "production/production/web-v2-dashboard" [90m-> null[0m[0m
      [31m-[0m[0m policy      = jsonencode(
            {
              [31m-[0m[0m rules = [
                  [31m-[0m[0m {
                      [31m-[0m[0m action       = {
                          [31m-[0m[0m type = "expire"
                        }
                      [31m-[0m[0m description  = "Keep last 10 images"
                      [31m-[0m[0m rulePriority = 1
                      [31m-[0m[0m selection    = {
                          [31m-[0m[0m countNumber = 10
                          [31m-[0m[0m countType   = "imageCountMoreThan"
                          [31m-[0m[0m tagStatus   = "any"
                        }
                    },
                ]
            }
        ) [90m-> null[0m[0m
      [31m-[0m[0m registry_id = "368352028691" [90m-> null[0m[0m
      [31m-[0m[0m repository  = "production/production/web-v2-dashboard" [90m-> null[0m[0m
    }

[1m  # module.ecr.aws_ecr_lifecycle_policy.repo_policy["redis"][0m will be created
[0m  [32m+[0m[0m resource "aws_ecr_lifecycle_policy" "repo_policy" {
      [32m+[0m[0m id          = (known after apply)
      [32m+[0m[0m policy      = jsonencode(
            {
              [32m+[0m[0m rules = [
                  [32m+[0m[0m {
                      [32m+[0m[0m action       = {
                          [32m+[0m[0m type = "expire"
                        }
                      [32m+[0m[0m description  = "Keep last 10 images"
                      [32m+[0m[0m rulePriority = 1
                      [32m+[0m[0m selection    = {
                          [32m+[0m[0m countNumber = 10
                          [32m+[0m[0m countType   = "imageCountMoreThan"
                          [32m+[0m[0m tagStatus   = "any"
                        }
                    },
                ]
            }
        )
      [32m+[0m[0m registry_id = (known after apply)
      [32m+[0m[0m repository  = "production/redis"
    }

[1m  # module.ecr.aws_ecr_lifecycle_policy.repo_policy["web-v2-dashboard"][0m will be created
[0m  [32m+[0m[0m resource "aws_ecr_lifecycle_policy" "repo_policy" {
      [32m+[0m[0m id          = (known after apply)
      [32m+[0m[0m policy      = jsonencode(
            {
              [32m+[0m[0m rules = [
                  [32m+[0m[0m {
                      [32m+[0m[0m action       = {
                          [32m+[0m[0m type = "expire"
                        }
                      [32m+[0m[0m description  = "Keep last 10 images"
                      [32m+[0m[0m rulePriority = 1
                      [32m+[0m[0m selection    = {
                          [32m+[0m[0m countNumber = 10
                          [32m+[0m[0m countType   = "imageCountMoreThan"
                          [32m+[0m[0m tagStatus   = "any"
                        }
                    },
                ]
            }
        )
      [32m+[0m[0m registry_id = (known after apply)
      [32m+[0m[0m repository  = "production/web-v2-dashboard"
    }

[1m  # module.ecr.aws_ecr_repository.repos["ai-rag"][0m will be created
[0m  [32m+[0m[0m resource "aws_ecr_repository" "repos" {
      [32m+[0m[0m arn                  = (known after apply)
      [32m+[0m[0m id                   = (known after apply)
      [32m+[0m[0m image_tag_mutability = "MUTABLE"
      [32m+[0m[0m name                 = "production/ai-rag"
      [32m+[0m[0m registry_id          = (known after apply)
      [32m+[0m[0m repository_url       = (known after apply)
      [32m+[0m[0m tags                 = {
          [32m+[0m[0m "Environment" = "dr"
          [32m+[0m[0m "Name"        = "production-ai-rag"
        }
      [32m+[0m[0m tags_all             = {
          [32m+[0m[0m "Environment" = "dr"
          [32m+[0m[0m "Name"        = "production-ai-rag"
        }

      [32m+[0m[0m encryption_configuration {
          [32m+[0m[0m encryption_type = "AES256"
          [32m+[0m[0m kms_key         = (known after apply)
        }

      [32m+[0m[0m image_scanning_configuration {
          [32m+[0m[0m scan_on_push = true
        }
    }

[1m  # module.ecr.aws_ecr_repository.repos["auth-chat-api"][0m will be created
[0m  [32m+[0m[0m resource "aws_ecr_repository" "repos" {
      [32m+[0m[0m arn                  = (known after apply)
      [32m+[0m[0m id                   = (known after apply)
      [32m+[0m[0m image_tag_mutability = "MUTABLE"
      [32m+[0m[0m name                 = "production/auth-chat-api"
      [32m+[0m[0m registry_id          = (known after apply)
      [32m+[0m[0m repository_url       = (known after apply)
      [32m+[0m[0m tags                 = {
          [32m+[0m[0m "Environment" = "dr"
          [32m+[0m[0m "Name"        = "production-auth-chat-api"
        }
      [32m+[0m[0m tags_all             = {
          [32m+[0m[0m "Environment" = "dr"
          [32m+[0m[0m "Name"        = "production-auth-chat-api"
        }

      [32m+[0m[0m encryption_configuration {
          [32m+[0m[0m encryption_type = "AES256"
          [32m+[0m[0m kms_key         = (known after apply)
        }

      [32m+[0m[0m image_scanning_configuration {
          [32m+[0m[0m scan_on_push = true
        }
    }

[1m  # module.ecr.aws_ecr_repository.repos["dr-worker"][0m will be created
[0m  [32m+[0m[0m resource "aws_ecr_repository" "repos" {
      [32m+[0m[0m arn                  = (known after apply)
      [32m+[0m[0m id                   = (known after apply)
      [32m+[0m[0m image_tag_mutability = "MUTABLE"
      [32m+[0m[0m name                 = "production/dr-worker"
      [32m+[0m[0m registry_id          = (known after apply)
      [32m+[0m[0m repository_url       = (known after apply)
      [32m+[0m[0m tags                 = {
          [32m+[0m[0m "Environment" = "dr"
          [32m+[0m[0m "Name"        = "production-dr-worker"
        }
      [32m+[0m[0m tags_all             = {
          [32m+[0m[0m "Environment" = "dr"
          [32m+[0m[0m "Name"        = "production-dr-worker"
        }

      [32m+[0m[0m encryption_configuration {
          [32m+[0m[0m encryption_type = "AES256"
          [32m+[0m[0m kms_key         = (known after apply)
        }

      [32m+[0m[0m image_scanning_configuration {
          [32m+[0m[0m scan_on_push = true
        }
    }

[1m  # module.ecr.aws_ecr_repository.repos["energy-api"][0m will be created
[0m  [32m+[0m[0m resource "aws_ecr_repository" "repos" {
      [32m+[0m[0m arn                  = (known after apply)
      [32m+[0m[0m id                   = (known after apply)
      [32m+[0m[0m image_tag_mutability = "MUTABLE"
      [32m+[0m[0m name                 = "production/energy-api"
      [32m+[0m[0m registry_id          = (known after apply)
      [32m+[0m[0m repository_url       = (known after apply)
      [32m+[0m[0m tags                 = {
          [32m+[0m[0m "Environment" = "dr"
          [32m+[0m[0m "Name"        = "production-energy-api"
        }
      [32m+[0m[0m tags_all             = {
          [32m+[0m[0m "Environment" = "dr"
          [32m+[0m[0m "Name"        = "production-energy-api"
        }

      [32m+[0m[0m encryption_configuration {
          [32m+[0m[0m encryption_type = "AES256"
          [32m+[0m[0m kms_key         = (known after apply)
        }

      [32m+[0m[0m image_scanning_configuration {
          [32m+[0m[0m scan_on_push = true
        }
    }

[1m  # module.ecr.aws_ecr_repository.repos["kma-api"][0m will be created
[0m  [32m+[0m[0m resource "aws_ecr_repository" "repos" {
      [32m+[0m[0m arn                  = (known after apply)
      [32m+[0m[0m id                   = (known after apply)
      [32m+[0m[0m image_tag_mutability = "MUTABLE"
      [32m+[0m[0m name                 = "production/kma-api"
      [32m+[0m[0m registry_id          = (known after apply)
      [32m+[0m[0m repository_url       = (known after apply)
      [32m+[0m[0m tags                 = {
          [32m+[0m[0m "Environment" = "dr"
          [32m+[0m[0m "Name"        = "production-kma-api"
        }
      [32m+[0m[0m tags_all             = {
          [32m+[0m[0m "Environment" = "dr"
          [32m+[0m[0m "Name"        = "production-kma-api"
        }

      [32m+[0m[0m encryption_configuration {
          [32m+[0m[0m encryption_type = "AES256"
          [32m+[0m[0m kms_key         = (known after apply)
        }

      [32m+[0m[0m image_scanning_configuration {
          [32m+[0m[0m scan_on_push = true
        }
    }

[1m  # module.ecr.aws_ecr_repository.repos["production/ai-rag"][0m will be [1m[31mdestroyed[0m
  # (because key ["production/ai-rag"] is not in for_each map)
[0m  [31m-[0m[0m resource "aws_ecr_repository" "repos" {
      [31m-[0m[0m arn                  = "arn:aws:ecr:ap-northeast-2:368352028691:repository/production/production/ai-rag" [90m-> null[0m[0m
      [31m-[0m[0m id                   = "production/production/ai-rag" [90m-> null[0m[0m
      [31m-[0m[0m image_tag_mutability = "MUTABLE" [90m-> null[0m[0m
      [31m-[0m[0m name                 = "production/production/ai-rag" [90m-> null[0m[0m
      [31m-[0m[0m registry_id          = "368352028691" [90m-> null[0m[0m
      [31m-[0m[0m repository_url       = "368352028691.dkr.ecr.ap-northeast-2.amazonaws.com/production/production/ai-rag" [90m-> null[0m[0m
      [31m-[0m[0m tags                 = {
          [31m-[0m[0m "Environment" = "dr"
          [31m-[0m[0m "Name"        = "production-production/ai-rag"
        } [90m-> null[0m[0m
      [31m-[0m[0m tags_all             = {
          [31m-[0m[0m "Environment" = "dr"
          [31m-[0m[0m "Name"        = "production-production/ai-rag"
        } [90m-> null[0m[0m

      [31m-[0m[0m encryption_configuration {
          [31m-[0m[0m encryption_type = "AES256" [90m-> null[0m[0m
            [90m# (1 unchanged attribute hidden)[0m[0m
        }

      [31m-[0m[0m image_scanning_configuration {
          [31m-[0m[0m scan_on_push = true [90m-> null[0m[0m
        }
    }

[1m  # module.ecr.aws_ecr_repository.repos["production/auth-chat-api"][0m will be [1m[31mdestroyed[0m
  # (because key ["production/auth-chat-api"] is not in for_each map)
[0m  [31m-[0m[0m resource "aws_ecr_repository" "repos" {
      [31m-[0m[0m arn                  = "arn:aws:ecr:ap-northeast-2:368352028691:repository/production/production/auth-chat-api" [90m-> null[0m[0m
      [31m-[0m[0m id                   = "production/production/auth-chat-api" [90m-> null[0m[0m
      [31m-[0m[0m image_tag_mutability = "MUTABLE" [90m-> null[0m[0m
      [31m-[0m[0m name                 = "production/production/auth-chat-api" [90m-> null[0m[0m
      [31m-[0m[0m registry_id          = "368352028691" [90m-> null[0m[0m
      [31m-[0m[0m repository_url       = "368352028691.dkr.ecr.ap-northeast-2.amazonaws.com/production/production/auth-chat-api" [90m-> null[0m[0m
      [31m-[0m[0m tags                 = {
          [31m-[0m[0m "Environment" = "dr"
          [31m-[0m[0m "Name"        = "production-production/auth-chat-api"
        } [90m-> null[0m[0m
      [31m-[0m[0m tags_all             = {
          [31m-[0m[0m "Environment" = "dr"
          [31m-[0m[0m "Name"        = "production-production/auth-chat-api"
        } [90m-> null[0m[0m

      [31m-[0m[0m encryption_configuration {
          [31m-[0m[0m encryption_type = "AES256" [90m-> null[0m[0m
            [90m# (1 unchanged attribute hidden)[0m[0m
        }

      [31m-[0m[0m image_scanning_configuration {
          [31m-[0m[0m scan_on_push = true [90m-> null[0m[0m
        }
    }

[1m  # module.ecr.aws_ecr_repository.repos["production/dr-worker"][0m will be [1m[31mdestroyed[0m
  # (because key ["production/dr-worker"] is not in for_each map)
[0m  [31m-[0m[0m resource "aws_ecr_repository" "repos" {
      [31m-[0m[0m arn                  = "arn:aws:ecr:ap-northeast-2:368352028691:repository/production/production/dr-worker" [90m-> null[0m[0m
      [31m-[0m[0m id                   = "production/production/dr-worker" [90m-> null[0m[0m
      [31m-[0m[0m image_tag_mutability = "MUTABLE" [90m-> null[0m[0m
      [31m-[0m[0m name                 = "production/production/dr-worker" [90m-> null[0m[0m
      [31m-[0m[0m registry_id          = "368352028691" [90m-> null[0m[0m
      [31m-[0m[0m repository_url       = "368352028691.dkr.ecr.ap-northeast-2.amazonaws.com/production/production/dr-worker" [90m-> null[0m[0m
      [31m-[0m[0m tags                 = {
          [31m-[0m[0m "Environment" = "dr"
          [31m-[0m[0m "Name"        = "production-production/dr-worker"
        } [90m-> null[0m[0m
      [31m-[0m[0m tags_all             = {
          [31m-[0m[0m "Environment" = "dr"
          [31m-[0m[0m "Name"        = "production-production/dr-worker"
        } [90m-> null[0m[0m

      [31m-[0m[0m encryption_configuration {
          [31m-[0m[0m encryption_type = "AES256" [90m-> null[0m[0m
            [90m# (1 unchanged attribute hidden)[0m[0m
        }

      [31m-[0m[0m image_scanning_configuration {
          [31m-[0m[0m scan_on_push = true [90m-> null[0m[0m
        }
    }

[1m  # module.ecr.aws_ecr_repository.repos["production/energy-api"][0m will be [1m[31mdestroyed[0m
  # (because key ["production/energy-api"] is not in for_each map)
[0m  [31m-[0m[0m resource "aws_ecr_repository" "repos" {
      [31m-[0m[0m arn                  = "arn:aws:ecr:ap-northeast-2:368352028691:repository/production/production/energy-api" [90m-> null[0m[0m
      [31m-[0m[0m id                   = "production/production/energy-api" [90m-> null[0m[0m
      [31m-[0m[0m image_tag_mutability = "MUTABLE" [90m-> null[0m[0m
      [31m-[0m[0m name                 = "production/production/energy-api" [90m-> null[0m[0m
      [31m-[0m[0m registry_id          = "368352028691" [90m-> null[0m[0m
      [31m-[0m[0m repository_url       = "368352028691.dkr.ecr.ap-northeast-2.amazonaws.com/production/production/energy-api" [90m-> null[0m[0m
      [31m-[0m[0m tags                 = {
          [31m-[0m[0m "Environment" = "dr"
          [31m-[0m[0m "Name"        = "production-production/energy-api"
        } [90m-> null[0m[0m
      [31m-[0m[0m tags_all             = {
          [31m-[0m[0m "Environment" = "dr"
          [31m-[0m[0m "Name"        = "production-production/energy-api"
        } [90m-> null[0m[0m

      [31m-[0m[0m encryption_configuration {
          [31m-[0m[0m encryption_type = "AES256" [90m-> null[0m[0m
            [90m# (1 unchanged attribute hidden)[0m[0m
        }

      [31m-[0m[0m image_scanning_configuration {
          [31m-[0m[0m scan_on_push = true [90m-> null[0m[0m
        }
    }

[1m  # module.ecr.aws_ecr_repository.repos["production/kma-api"][0m will be [1m[31mdestroyed[0m
  # (because key ["production/kma-api"] is not in for_each map)
[0m  [31m-[0m[0m resource "aws_ecr_repository" "repos" {
      [31m-[0m[0m arn                  = "arn:aws:ecr:ap-northeast-2:368352028691:repository/production/production/kma-api" [90m-> null[0m[0m
      [31m-[0m[0m id                   = "production/production/kma-api" [90m-> null[0m[0m
      [31m-[0m[0m image_tag_mutability = "MUTABLE" [90m-> null[0m[0m
      [31m-[0m[0m name                 = "production/production/kma-api" [90m-> null[0m[0m
      [31m-[0m[0m registry_id          = "368352028691" [90m-> null[0m[0m
      [31m-[0m[0m repository_url       = "368352028691.dkr.ecr.ap-northeast-2.amazonaws.com/production/production/kma-api" [90m-> null[0m[0m
      [31m-[0m[0m tags                 = {
          [31m-[0m[0m "Environment" = "dr"
          [31m-[0m[0m "Name"        = "production-production/kma-api"
        } [90m-> null[0m[0m
      [31m-[0m[0m tags_all             = {
          [31m-[0m[0m "Environment" = "dr"
          [31m-[0m[0m "Name"        = "production-production/kma-api"
        } [90m-> null[0m[0m

      [31m-[0m[0m encryption_configuration {
          [31m-[0m[0m encryption_type = "AES256" [90m-> null[0m[0m
            [90m# (1 unchanged attribute hidden)[0m[0m
        }

      [31m-[0m[0m image_scanning_configuration {
          [31m-[0m[0m scan_on_push = true [90m-> null[0m[0m
        }
    }

[1m  # module.ecr.aws_ecr_repository.repos["production/redis"][0m will be [1m[31mdestroyed[0m
  # (because key ["production/redis"] is not in for_each map)
[0m  [31m-[0m[0m resource "aws_ecr_repository" "repos" {
      [31m-[0m[0m arn                  = "arn:aws:ecr:ap-northeast-2:368352028691:repository/production/production/redis" [90m-> null[0m[0m
      [31m-[0m[0m id                   = "production/production/redis" [90m-> null[0m[0m
      [31m-[0m[0m image_tag_mutability = "MUTABLE" [90m-> null[0m[0m
      [31m-[0m[0m name                 = "production/production/redis" [90m-> null[0m[0m
      [31m-[0m[0m registry_id          = "368352028691" [90m-> null[0m[0m
      [31m-[0m[0m repository_url       = "368352028691.dkr.ecr.ap-northeast-2.amazonaws.com/production/production/redis" [90m-> null[0m[0m
      [31m-[0m[0m tags                 = {
          [31m-[0m[0m "Environment" = "dr"
          [31m-[0m[0m "Name"        = "production-production/redis"
        } [90m-> null[0m[0m
      [31m-[0m[0m tags_all             = {
          [31m-[0m[0m "Environment" = "dr"
          [31m-[0m[0m "Name"        = "production-production/redis"
        } [90m-> null[0m[0m

      [31m-[0m[0m encryption_configuration {
          [31m-[0m[0m encryption_type = "AES256" [90m-> null[0m[0m
            [90m# (1 unchanged attribute hidden)[0m[0m
        }

      [31m-[0m[0m image_scanning_configuration {
          [31m-[0m[0m scan_on_push = true [90m-> null[0m[0m
        }
    }

[1m  # module.ecr.aws_ecr_repository.repos["production/web-v2-dashboard"][0m will be [1m[31mdestroyed[0m
  # (because key ["production/web-v2-dashboard"] is not in for_each map)
[0m  [31m-[0m[0m resource "aws_ecr_repository" "repos" {
      [31m-[0m[0m arn                  = "arn:aws:ecr:ap-northeast-2:368352028691:repository/production/production/web-v2-dashboard" [90m-> null[0m[0m
      [31m-[0m[0m id                   = "production/production/web-v2-dashboard" [90m-> null[0m[0m
      [31m-[0m[0m image_tag_mutability = "MUTABLE" [90m-> null[0m[0m
      [31m-[0m[0m name                 = "production/production/web-v2-dashboard" [90m-> null[0m[0m
      [31m-[0m[0m registry_id          = "368352028691" [90m-> null[0m[0m
      [31m-[0m[0m repository_url       = "368352028691.dkr.ecr.ap-northeast-2.amazonaws.com/production/production/web-v2-dashboard" [90m-> null[0m[0m
      [31m-[0m[0m tags                 = {
          [31m-[0m[0m "Environment" = "dr"
          [31m-[0m[0m "Name"        = "production-production/web-v2-dashboard"
        } [90m-> null[0m[0m
      [31m-[0m[0m tags_all             = {
          [31m-[0m[0m "Environment" = "dr"
          [31m-[0m[0m "Name"        = "production-production/web-v2-dashboard"
        } [90m-> null[0m[0m

      [31m-[0m[0m encryption_configuration {
          [31m-[0m[0m encryption_type = "AES256" [90m-> null[0m[0m
            [90m# (1 unchanged attribute hidden)[0m[0m
        }

      [31m-[0m[0m image_scanning_configuration {
          [31m-[0m[0m scan_on_push = true [90m-> null[0m[0m
        }
    }

[1m  # module.ecr.aws_ecr_repository.repos["redis"][0m will be created
[0m  [32m+[0m[0m resource "aws_ecr_repository" "repos" {
      [32m+[0m[0m arn                  = (known after apply)
      [32m+[0m[0m id                   = (known after apply)
      [32m+[0m[0m image_tag_mutability = "MUTABLE"
      [32m+[0m[0m name                 = "production/redis"
      [32m+[0m[0m registry_id          = (known after apply)
      [32m+[0m[0m repository_url       = (known after apply)
      [32m+[0m[0m tags                 = {
          [32m+[0m[0m "Environment" = "dr"
          [32m+[0m[0m "Name"        = "production-redis"
        }
      [32m+[0m[0m tags_all             = {
          [32m+[0m[0m "Environment" = "dr"
          [32m+[0m[0m "Name"        = "production-redis"
        }

      [32m+[0m[0m encryption_configuration {
          [32m+[0m[0m encryption_type = "AES256"
          [32m+[0m[0m kms_key         = (known after apply)
        }

      [32m+[0m[0m image_scanning_configuration {
          [32m+[0m[0m scan_on_push = true
        }
    }

[1m  # module.ecr.aws_ecr_repository.repos["web-v2-dashboard"][0m will be created
[0m  [32m+[0m[0m resource "aws_ecr_repository" "repos" {
      [32m+[0m[0m arn                  = (known after apply)
      [32m+[0m[0m id                   = (known after apply)
      [32m+[0m[0m image_tag_mutability = "MUTABLE"
      [32m+[0m[0m name                 = "production/web-v2-dashboard"
      [32m+[0m[0m registry_id          = (known after apply)
      [32m+[0m[0m repository_url       = (known after apply)
      [32m+[0m[0m tags                 = {
          [32m+[0m[0m "Environment" = "dr"
          [32m+[0m[0m "Name"        = "production-web-v2-dashboard"
        }
      [32m+[0m[0m tags_all             = {
          [32m+[0m[0m "Environment" = "dr"
          [32m+[0m[0m "Name"        = "production-web-v2-dashboard"
        }

      [32m+[0m[0m encryption_configuration {
          [32m+[0m[0m encryption_type = "AES256"
          [32m+[0m[0m kms_key         = (known after apply)
        }

      [32m+[0m[0m image_scanning_configuration {
          [32m+[0m[0m scan_on_push = true
        }
    }

[1mPlan:[0m [0m14 to add, 0 to change, 14 to destroy.

Changes to Outputs:
  [33m~[0m[0m ecr_repository_arns = {
      [32m+[0m[0m ai-rag                        = (known after apply)
      [32m+[0m[0m auth-chat-api                 = (known after apply)
      [32m+[0m[0m dr-worker                     = (known after apply)
      [32m+[0m[0m energy-api                    = (known after apply)
      [32m+[0m[0m kma-api                       = (known after apply)
      [31m-[0m[0m "production/ai-rag"           = "arn:aws:ecr:ap-northeast-2:368352028691:repository/production/production/ai-rag"
      [31m-[0m[0m "production/auth-chat-api"    = "arn:aws:ecr:ap-northeast-2:368352028691:repository/production/production/auth-chat-api"
      [31m-[0m[0m "production/dr-worker"        = "arn:aws:ecr:ap-northeast-2:368352028691:repository/production/production/dr-worker"
      [31m-[0m[0m "production/energy-api"       = "arn:aws:ecr:ap-northeast-2:368352028691:repository/production/production/energy-api"
      [31m-[0m[0m "production/kma-api"          = "arn:aws:ecr:ap-northeast-2:368352028691:repository/production/production/kma-api"
      [31m-[0m[0m "production/redis"            = "arn:aws:ecr:ap-northeast-2:368352028691:repository/production/production/redis"
      [31m-[0m[0m "production/web-v2-dashboard" = "arn:aws:ecr:ap-northeast-2:368352028691:repository/production/production/web-v2-dashboard"
      [32m+[0m[0m redis                         = (known after apply)
      [32m+[0m[0m web-v2-dashboard              = (known after apply)
    }
  [33m~[0m[0m ecr_repository_urls = {
      [32m+[0m[0m ai-rag                        = (known after apply)
      [32m+[0m[0m auth-chat-api                 = (known after apply)
      [32m+[0m[0m dr-worker                     = (known after apply)
      [32m+[0m[0m energy-api                    = (known after apply)
      [32m+[0m[0m kma-api                       = (known after apply)
      [31m-[0m[0m "production/ai-rag"           = "368352028691.dkr.ecr.ap-northeast-2.amazonaws.com/production/production/ai-rag"
      [31m-[0m[0m "production/auth-chat-api"    = "368352028691.dkr.ecr.ap-northeast-2.amazonaws.com/production/production/auth-chat-api"
      [31m-[0m[0m "production/dr-worker"        = "368352028691.dkr.ecr.ap-northeast-2.amazonaws.com/production/production/dr-worker"
      [31m-[0m[0m "production/energy-api"       = "368352028691.dkr.ecr.ap-northeast-2.amazonaws.com/production/production/energy-api"
      [31m-[0m[0m "production/kma-api"          = "368352028691.dkr.ecr.ap-northeast-2.amazonaws.com/production/production/kma-api"
      [31m-[0m[0m "production/redis"            = "368352028691.dkr.ecr.ap-northeast-2.amazonaws.com/production/production/redis"
      [31m-[0m[0m "production/web-v2-dashboard" = "368352028691.dkr.ecr.ap-northeast-2.amazonaws.com/production/production/web-v2-dashboard"
      [32m+[0m[0m redis                         = (known after apply)
      [32m+[0m[0m web-v2-dashboard              = (known after apply)
    }
[0m[1mmodule.ecr.aws_ecr_lifecycle_policy.repo_policy["production/kma-api"]: Destroying... [id=production/production/kma-api][0m[0m
[0m[1mmodule.ecr.aws_ecr_lifecycle_policy.repo_policy["production/energy-api"]: Destroying... [id=production/production/energy-api][0m[0m
[0m[1mmodule.ecr.aws_ecr_lifecycle_policy.repo_policy["production/redis"]: Destroying... [id=production/production/redis][0m[0m
[0m[1mmodule.ecr.aws_ecr_lifecycle_policy.repo_policy["production/auth-chat-api"]: Destroying... [id=production/production/auth-chat-api][0m[0m
[0m[1mmodule.ecr.aws_ecr_lifecycle_policy.repo_policy["production/ai-rag"]: Destroying... [id=production/production/ai-rag][0m[0m
[0m[1mmodule.ecr.aws_ecr_lifecycle_policy.repo_policy["production/web-v2-dashboard"]: Destroying... [id=production/production/web-v2-dashboard][0m[0m
[0m[1mmodule.ecr.aws_ecr_lifecycle_policy.repo_policy["production/dr-worker"]: Destroying... [id=production/production/dr-worker][0m[0m
[0m[1mmodule.ecr.aws_ecr_lifecycle_policy.repo_policy["production/auth-chat-api"]: Destruction complete after 0s[0m
[0m[1mmodule.ecr.aws_ecr_lifecycle_policy.repo_policy["production/ai-rag"]: Destruction complete after 0s[0m
[0m[1mmodule.ecr.aws_ecr_lifecycle_policy.repo_policy["production/kma-api"]: Destruction complete after 0s[0m
[0m[1mmodule.ecr.aws_ecr_lifecycle_policy.repo_policy["production/dr-worker"]: Destruction complete after 0s[0m
[0m[1mmodule.ecr.aws_ecr_lifecycle_policy.repo_policy["production/energy-api"]: Destruction complete after 0s[0m
[0m[1mmodule.ecr.aws_ecr_lifecycle_policy.repo_policy["production/redis"]: Destruction complete after 0s[0m
[0m[1mmodule.ecr.aws_ecr_lifecycle_policy.repo_policy["production/web-v2-dashboard"]: Destruction complete after 0s[0m
[0m[1mmodule.ecr.aws_ecr_repository.repos["production/ai-rag"]: Destroying... [id=production/production/ai-rag][0m[0m
[0m[1mmodule.ecr.aws_ecr_repository.repos["production/dr-worker"]: Destroying... [id=production/production/dr-worker][0m[0m
[0m[1mmodule.ecr.aws_ecr_repository.repos["production/web-v2-dashboard"]: Destroying... [id=production/production/web-v2-dashboard][0m[0m
[0m[1mmodule.ecr.aws_ecr_repository.repos["production/redis"]: Destroying... [id=production/production/redis][0m[0m
[0m[1mmodule.ecr.aws_ecr_repository.repos["energy-api"]: Creating...[0m[0m
[0m[1mmodule.ecr.aws_ecr_repository.repos["web-v2-dashboard"]: Creating...[0m[0m
[0m[1mmodule.ecr.aws_ecr_repository.repos["ai-rag"]: Creating...[0m[0m
[0m[1mmodule.ecr.aws_ecr_repository.repos["redis"]: Creating...[0m[0m
[0m[1mmodule.ecr.aws_ecr_repository.repos["kma-api"]: Creating...[0m[0m
[0m[1mmodule.ecr.aws_ecr_repository.repos["dr-worker"]: Creating...[0m[0m
[0m[1mmodule.ecr.aws_ecr_repository.repos["production/redis"]: Destruction complete after 0s[0m
[0m[1mmodule.ecr.aws_ecr_repository.repos["production/auth-chat-api"]: Destroying... [id=production/production/auth-chat-api][0m[0m
[0m[1mmodule.ecr.aws_ecr_repository.repos["production/ai-rag"]: Destruction complete after 0s[0m
[0m[1mmodule.ecr.aws_ecr_repository.repos["production/dr-worker"]: Destruction complete after 0s[0m
[0m[1mmodule.ecr.aws_ecr_repository.repos["production/energy-api"]: Destroying... [id=production/production/energy-api][0m[0m
[0m[1mmodule.ecr.aws_ecr_repository.repos["auth-chat-api"]: Creating...[0m[0m
[0m[1mmodule.ecr.aws_ecr_repository.repos["production/web-v2-dashboard"]: Destruction complete after 0s[0m
[0m[1mmodule.ecr.aws_ecr_repository.repos["production/kma-api"]: Destroying... [id=production/production/kma-api][0m[0m
[0m[1mmodule.ecr.aws_ecr_repository.repos["web-v2-dashboard"]: Creation complete after 0s [id=production/web-v2-dashboard][0m
[0m[1mmodule.ecr.aws_ecr_repository.repos["redis"]: Creation complete after 0s [id=production/redis][0m
[0m[1mmodule.ecr.aws_ecr_repository.repos["energy-api"]: Creation complete after 0s [id=production/energy-api][0m
[0m[1mmodule.ecr.aws_ecr_repository.repos["dr-worker"]: Creation complete after 0s [id=production/dr-worker][0m
[0m[1mmodule.ecr.aws_ecr_repository.repos["kma-api"]: Creation complete after 0s [id=production/kma-api][0m
[0m[1mmodule.ecr.aws_ecr_repository.repos["ai-rag"]: Creation complete after 0s [id=production/ai-rag][0m
[0m[1mmodule.ecr.aws_ecr_repository.repos["production/auth-chat-api"]: Destruction complete after 0s[0m
[0m[1mmodule.ecr.aws_ecr_repository.repos["production/kma-api"]: Destruction complete after 0s[0m
[0m[1mmodule.ecr.aws_ecr_repository.repos["production/energy-api"]: Destruction complete after 0s[0m
[0m[1mmodule.ecr.aws_ecr_repository.repos["auth-chat-api"]: Creation complete after 0s [id=production/auth-chat-api][0m
[0m[1mmodule.ecr.aws_ecr_lifecycle_policy.repo_policy["web-v2-dashboard"]: Creating...[0m[0m
[0m[1mmodule.ecr.aws_ecr_lifecycle_policy.repo_policy["redis"]: Creating...[0m[0m
[0m[1mmodule.ecr.aws_ecr_lifecycle_policy.repo_policy["dr-worker"]: Creating...[0m[0m
[0m[1mmodule.ecr.aws_ecr_lifecycle_policy.repo_policy["auth-chat-api"]: Creating...[0m[0m
[0m[1mmodule.ecr.aws_ecr_lifecycle_policy.repo_policy["energy-api"]: Creating...[0m[0m
[0m[1mmodule.ecr.aws_ecr_lifecycle_policy.repo_policy["kma-api"]: Creating...[0m[0m
[0m[1mmodule.ecr.aws_ecr_lifecycle_policy.repo_policy["ai-rag"]: Creating...[0m[0m
[0m[1mmodule.ecr.aws_ecr_lifecycle_policy.repo_policy["web-v2-dashboard"]: Creation complete after 0s [id=production/web-v2-dashboard][0m
[0m[1mmodule.ecr.aws_ecr_lifecycle_policy.repo_policy["energy-api"]: Creation complete after 0s [id=production/energy-api][0m
[0m[1mmodule.ecr.aws_ecr_lifecycle_policy.repo_policy["dr-worker"]: Creation complete after 0s [id=production/dr-worker][0m
[0m[1mmodule.ecr.aws_ecr_lifecycle_policy.repo_policy["auth-chat-api"]: Creation complete after 0s [id=production/auth-chat-api][0m
[0m[1mmodule.ecr.aws_ecr_lifecycle_policy.repo_policy["ai-rag"]: Creation complete after 0s [id=production/ai-rag][0m
[0m[1mmodule.ecr.aws_ecr_lifecycle_policy.repo_policy["kma-api"]: Creation complete after 0s [id=production/kma-api][0m
[0m[1mmodule.ecr.aws_ecr_lifecycle_policy.repo_policy["redis"]: Creation complete after 0s [id=production/redis][0m
[0m[1m[32m
Apply complete! Resources: 14 added, 0 changed, 14 destroyed.[0m
[0m[1m[32m
Outputs:

[0mecr_repository_arns = {
  "ai-rag" = "arn:aws:ecr:ap-northeast-2:368352028691:repository/production/ai-rag"
  "auth-chat-api" = "arn:aws:ecr:ap-northeast-2:368352028691:repository/production/auth-chat-api"
  "dr-worker" = "arn:aws:ecr:ap-northeast-2:368352028691:repository/production/dr-worker"
  "energy-api" = "arn:aws:ecr:ap-northeast-2:368352028691:repository/production/energy-api"
  "kma-api" = "arn:aws:ecr:ap-northeast-2:368352028691:repository/production/kma-api"
  "redis" = "arn:aws:ecr:ap-northeast-2:368352028691:repository/production/redis"
  "web-v2-dashboard" = "arn:aws:ecr:ap-northeast-2:368352028691:repository/production/web-v2-dashboard"
}
ecr_repository_urls = {
  "ai-rag" = "368352028691.dkr.ecr.ap-northeast-2.amazonaws.com/production/ai-rag"
  "auth-chat-api" = "368352028691.dkr.ecr.ap-northeast-2.amazonaws.com/production/auth-chat-api"
  "dr-worker" = "368352028691.dkr.ecr.ap-northeast-2.amazonaws.com/production/dr-worker"
  "energy-api" = "368352028691.dkr.ecr.ap-northeast-2.amazonaws.com/production/energy-api"
  "kma-api" = "368352028691.dkr.ecr.ap-northeast-2.amazonaws.com/production/kma-api"
  "redis" = "368352028691.dkr.ecr.ap-northeast-2.amazonaws.com/production/redis"
  "web-v2-dashboard" = "368352028691.dkr.ecr.ap-northeast-2.amazonaws.com/production/web-v2-dashboard"
}
s3_bucket_arn = "arn:aws:s3:::dr-dr-backup-ap-northeast-2"
s3_bucket_id = "dr-dr-backup-ap-northeast-2"
