nohup: ignoring input
[0m[1mmodule.vpc.null_resource.validate: Refreshing state... [id=277250300903373517][0m
[0m[1mmodule.vpc.aws_eip.nat[0]: Refreshing state... [id=eipalloc-0cab5184f4bf17339][0m
[0m[1mmodule.vpc.aws_vpc.this: Refreshing state... [id=vpc-0ca8d5931cd07be6a][0m
[0m[1mmodule.vpc.aws_internet_gateway.this: Refreshing state... [id=igw-07d9e114abcefc66c][0m
[0m[1mmodule.vpc.aws_route_table.private[0]: Refreshing state... [id=rtb-0c48f4a916b6becae][0m
[0m[1mmodule.vpc.aws_subnet.private[1]: Refreshing state... [id=subnet-0765346a5467255f8][0m
[0m[1mmodule.vpc.aws_route_table.public: Refreshing state... [id=rtb-0e9c331dfbd013ae7][0m
[0m[1mmodule.vpc.aws_subnet.public[0]: Refreshing state... [id=subnet-02aef82ee05f9aa66][0m
[0m[1mmodule.vpc.aws_subnet.private[0]: Refreshing state... [id=subnet-006c0b045120b960a][0m
[0m[1mmodule.vpc.aws_subnet.public[1]: Refreshing state... [id=subnet-027ecb9c5e6430197][0m
[0m[1mmodule.vpc.aws_route_table.private[1]: Refreshing state... [id=rtb-09919785fef621bdb][0m
[0m[1mmodule.vpc.aws_route_table_association.private[1]: Refreshing state... [id=rtbassoc-0400515faa7aa6214][0m
[0m[1mmodule.vpc.aws_route_table_association.private[0]: Refreshing state... [id=rtbassoc-07d2f314efd1fef9f][0m
[0m[1mmodule.vpc.aws_route.public_igw: Refreshing state... [id=r-rtb-0e9c331dfbd013ae71080289494][0m
[0m[1mmodule.vpc.aws_route_table_association.public[0]: Refreshing state... [id=rtbassoc-0f5b3c01b7a6f62f1][0m
[0m[1mmodule.vpc.aws_route_table_association.public[1]: Refreshing state... [id=rtbassoc-0596ebb7c5ae505ac][0m
[0m[1mmodule.vpc.aws_nat_gateway.this[0]: Refreshing state... [id=nat-08dc88d2c1be36463][0m
[0m[1mmodule.vpc.aws_route.private_nat[0]: Refreshing state... [id=r-rtb-0c48f4a916b6becae1080289494][0m
[0m[1mmodule.vpc.aws_route.private_nat[1]: Refreshing state... [id=r-rtb-09919785fef621bdb1080289494][0m

[1m[36mNote:[0m[1m Objects have changed outside of Terraform
[0m
Terraform detected the following changes made outside of Terraform since the
last "terraform apply" which may have affected this plan:

[1m  # module.vpc.aws_internet_gateway.this[0m has been deleted
[0m  [31m-[0m[0m resource "aws_internet_gateway" "this" {
      [31m-[0m[0m id       = "igw-07d9e114abcefc66c" [90m-> null[0m[0m
        tags     = {
            "Name" = "terraform-dr-igw"
        }
        [90m# (4 unchanged attributes hidden)[0m[0m
    }

[1m  # module.vpc.aws_route_table.public[0m has been deleted
[0m  [31m-[0m[0m resource "aws_route_table" "public" {
      [31m-[0m[0m id               = "rtb-0e9c331dfbd013ae7" [90m-> null[0m[0m
        tags             = {
            "Name" = "terraform-dr-rt-public"
        }
        [90m# (6 unchanged attributes hidden)[0m[0m
    }

[1m  # module.vpc.aws_vpc.this[0m has been deleted
[0m  [31m-[0m[0m resource "aws_vpc" "this" {
      [31m-[0m[0m cidr_block                           = "10.10.0.0/16" [90m-> null[0m[0m
      [31m-[0m[0m id                                   = "vpc-0ca8d5931cd07be6a" [90m-> null[0m[0m
        tags                                 = {
            "Name" = "terraform-dr-vpc"
        }
        [90m# (18 unchanged attributes hidden)[0m[0m
    }


Unless you have made equivalent changes to your configuration, or ignored the
relevant attributes using ignore_changes, the following plan may include
actions to undo or respond to these changes.
[90m
─────────────────────────────────────────────────────────────────────────────[0m

Terraform used the selected providers to generate the following execution
plan. Resource actions are indicated with the following symbols:
  [32m+[0m create[0m

Terraform will perform the following actions:

[1m  # module.vpc.aws_eip.nat[0][0m will be created
[0m  [32m+[0m[0m resource "aws_eip" "nat" {
      [32m+[0m[0m allocation_id        = (known after apply)
      [32m+[0m[0m arn                  = (known after apply)
      [32m+[0m[0m association_id       = (known after apply)
      [32m+[0m[0m carrier_ip           = (known after apply)
      [32m+[0m[0m customer_owned_ip    = (known after apply)
      [32m+[0m[0m domain               = (known after apply)
      [32m+[0m[0m id                   = (known after apply)
      [32m+[0m[0m instance             = (known after apply)
      [32m+[0m[0m ipam_pool_id         = (known after apply)
      [32m+[0m[0m network_border_group = (known after apply)
      [32m+[0m[0m network_interface    = (known after apply)
      [32m+[0m[0m private_dns          = (known after apply)
      [32m+[0m[0m private_ip           = (known after apply)
      [32m+[0m[0m ptr_record           = (known after apply)
      [32m+[0m[0m public_dns           = (known after apply)
      [32m+[0m[0m public_ip            = (known after apply)
      [32m+[0m[0m public_ipv4_pool     = (known after apply)
      [32m+[0m[0m tags                 = {
          [32m+[0m[0m "Name" = "terraform-dr-eip-nat-0"
        }
      [32m+[0m[0m tags_all             = {
          [32m+[0m[0m "Name" = "terraform-dr-eip-nat-0"
        }
      [32m+[0m[0m vpc                  = (known after apply)
    }

[1m  # module.vpc.aws_internet_gateway.this[0m will be created
[0m  [32m+[0m[0m resource "aws_internet_gateway" "this" {
      [32m+[0m[0m arn      = (known after apply)
      [32m+[0m[0m id       = (known after apply)
      [32m+[0m[0m owner_id = (known after apply)
      [32m+[0m[0m tags     = {
          [32m+[0m[0m "Name" = "terraform-dr-igw"
        }
      [32m+[0m[0m tags_all = {
          [32m+[0m[0m "Name" = "terraform-dr-igw"
        }
      [32m+[0m[0m vpc_id   = (known after apply)
    }

[1m  # module.vpc.aws_nat_gateway.this[0][0m will be created
[0m  [32m+[0m[0m resource "aws_nat_gateway" "this" {
      [32m+[0m[0m allocation_id                      = (known after apply)
      [32m+[0m[0m association_id                     = (known after apply)
      [32m+[0m[0m connectivity_type                  = "public"
      [32m+[0m[0m id                                 = (known after apply)
      [32m+[0m[0m network_interface_id               = (known after apply)
      [32m+[0m[0m private_ip                         = (known after apply)
      [32m+[0m[0m public_ip                          = (known after apply)
      [32m+[0m[0m secondary_private_ip_address_count = (known after apply)
      [32m+[0m[0m secondary_private_ip_addresses     = (known after apply)
      [32m+[0m[0m subnet_id                          = (known after apply)
      [32m+[0m[0m tags                               = {
          [32m+[0m[0m "Name" = "terraform-dr-nat-0"
        }
      [32m+[0m[0m tags_all                           = {
          [32m+[0m[0m "Name" = "terraform-dr-nat-0"
        }
    }

[1m  # module.vpc.aws_route.private_nat[0][0m will be created
[0m  [32m+[0m[0m resource "aws_route" "private_nat" {
      [32m+[0m[0m destination_cidr_block = "0.0.0.0/0"
      [32m+[0m[0m id                     = (known after apply)
      [32m+[0m[0m instance_id            = (known after apply)
      [32m+[0m[0m instance_owner_id      = (known after apply)
      [32m+[0m[0m nat_gateway_id         = (known after apply)
      [32m+[0m[0m network_interface_id   = (known after apply)
      [32m+[0m[0m origin                 = (known after apply)
      [32m+[0m[0m route_table_id         = (known after apply)
      [32m+[0m[0m state                  = (known after apply)
    }

[1m  # module.vpc.aws_route.private_nat[1][0m will be created
[0m  [32m+[0m[0m resource "aws_route" "private_nat" {
      [32m+[0m[0m destination_cidr_block = "0.0.0.0/0"
      [32m+[0m[0m id                     = (known after apply)
      [32m+[0m[0m instance_id            = (known after apply)
      [32m+[0m[0m instance_owner_id      = (known after apply)
      [32m+[0m[0m nat_gateway_id         = (known after apply)
      [32m+[0m[0m network_interface_id   = (known after apply)
      [32m+[0m[0m origin                 = (known after apply)
      [32m+[0m[0m route_table_id         = (known after apply)
      [32m+[0m[0m state                  = (known after apply)
    }

[1m  # module.vpc.aws_route.public_igw[0m will be created
[0m  [32m+[0m[0m resource "aws_route" "public_igw" {
      [32m+[0m[0m destination_cidr_block = "0.0.0.0/0"
      [32m+[0m[0m gateway_id             = (known after apply)
      [32m+[0m[0m id                     = (known after apply)
      [32m+[0m[0m instance_id            = (known after apply)
      [32m+[0m[0m instance_owner_id      = (known after apply)
      [32m+[0m[0m network_interface_id   = (known after apply)
      [32m+[0m[0m origin                 = (known after apply)
      [32m+[0m[0m route_table_id         = (known after apply)
      [32m+[0m[0m state                  = (known after apply)
    }

[1m  # module.vpc.aws_route_table.private[0][0m will be created
[0m  [32m+[0m[0m resource "aws_route_table" "private" {
      [32m+[0m[0m arn              = (known after apply)
      [32m+[0m[0m id               = (known after apply)
      [32m+[0m[0m owner_id         = (known after apply)
      [32m+[0m[0m propagating_vgws = (known after apply)
      [32m+[0m[0m route            = (known after apply)
      [32m+[0m[0m tags             = {
          [32m+[0m[0m "Name" = "terraform-dr-rt-private-ap-northeast-2a"
        }
      [32m+[0m[0m tags_all         = {
          [32m+[0m[0m "Name" = "terraform-dr-rt-private-ap-northeast-2a"
        }
      [32m+[0m[0m vpc_id           = (known after apply)
    }

[1m  # module.vpc.aws_route_table.private[1][0m will be created
[0m  [32m+[0m[0m resource "aws_route_table" "private" {
      [32m+[0m[0m arn              = (known after apply)
      [32m+[0m[0m id               = (known after apply)
      [32m+[0m[0m owner_id         = (known after apply)
      [32m+[0m[0m propagating_vgws = (known after apply)
      [32m+[0m[0m route            = (known after apply)
      [32m+[0m[0m tags             = {
          [32m+[0m[0m "Name" = "terraform-dr-rt-private-ap-northeast-2c"
        }
      [32m+[0m[0m tags_all         = {
          [32m+[0m[0m "Name" = "terraform-dr-rt-private-ap-northeast-2c"
        }
      [32m+[0m[0m vpc_id           = (known after apply)
    }

[1m  # module.vpc.aws_route_table.public[0m will be created
[0m  [32m+[0m[0m resource "aws_route_table" "public" {
      [32m+[0m[0m arn              = (known after apply)
      [32m+[0m[0m id               = (known after apply)
      [32m+[0m[0m owner_id         = (known after apply)
      [32m+[0m[0m propagating_vgws = (known after apply)
      [32m+[0m[0m route            = (known after apply)
      [32m+[0m[0m tags             = {
          [32m+[0m[0m "Name" = "terraform-dr-rt-public"
        }
      [32m+[0m[0m tags_all         = {
          [32m+[0m[0m "Name" = "terraform-dr-rt-public"
        }
      [32m+[0m[0m vpc_id           = (known after apply)
    }

[1m  # module.vpc.aws_route_table_association.private[0][0m will be created
[0m  [32m+[0m[0m resource "aws_route_table_association" "private" {
      [32m+[0m[0m id             = (known after apply)
      [32m+[0m[0m route_table_id = (known after apply)
      [32m+[0m[0m subnet_id      = (known after apply)
    }

[1m  # module.vpc.aws_route_table_association.private[1][0m will be created
[0m  [32m+[0m[0m resource "aws_route_table_association" "private" {
      [32m+[0m[0m id             = (known after apply)
      [32m+[0m[0m route_table_id = (known after apply)
      [32m+[0m[0m subnet_id      = (known after apply)
    }

[1m  # module.vpc.aws_route_table_association.public[0][0m will be created
[0m  [32m+[0m[0m resource "aws_route_table_association" "public" {
      [32m+[0m[0m id             = (known after apply)
      [32m+[0m[0m route_table_id = (known after apply)
      [32m+[0m[0m subnet_id      = (known after apply)
    }

[1m  # module.vpc.aws_route_table_association.public[1][0m will be created
[0m  [32m+[0m[0m resource "aws_route_table_association" "public" {
      [32m+[0m[0m id             = (known after apply)
      [32m+[0m[0m route_table_id = (known after apply)
      [32m+[0m[0m subnet_id      = (known after apply)
    }

[1m  # module.vpc.aws_subnet.private[0][0m will be created
[0m  [32m+[0m[0m resource "aws_subnet" "private" {
      [32m+[0m[0m arn                                            = (known after apply)
      [32m+[0m[0m assign_ipv6_address_on_creation                = false
      [32m+[0m[0m availability_zone                              = "ap-northeast-2a"
      [32m+[0m[0m availability_zone_id                           = (known after apply)
      [32m+[0m[0m cidr_block                                     = "10.10.10.0/24"
      [32m+[0m[0m enable_dns64                                   = false
      [32m+[0m[0m enable_resource_name_dns_a_record_on_launch    = false
      [32m+[0m[0m enable_resource_name_dns_aaaa_record_on_launch = false
      [32m+[0m[0m id                                             = (known after apply)
      [32m+[0m[0m ipv6_cidr_block_association_id                 = (known after apply)
      [32m+[0m[0m ipv6_native                                    = false
      [32m+[0m[0m map_public_ip_on_launch                        = false
      [32m+[0m[0m owner_id                                       = (known after apply)
      [32m+[0m[0m private_dns_hostname_type_on_launch            = (known after apply)
      [32m+[0m[0m tags                                           = {
          [32m+[0m[0m "Name" = "terraform-dr-private-ap-northeast-2a"
        }
      [32m+[0m[0m tags_all                                       = {
          [32m+[0m[0m "Name" = "terraform-dr-private-ap-northeast-2a"
        }
      [32m+[0m[0m vpc_id                                         = (known after apply)
    }

[1m  # module.vpc.aws_subnet.private[1][0m will be created
[0m  [32m+[0m[0m resource "aws_subnet" "private" {
      [32m+[0m[0m arn                                            = (known after apply)
      [32m+[0m[0m assign_ipv6_address_on_creation                = false
      [32m+[0m[0m availability_zone                              = "ap-northeast-2c"
      [32m+[0m[0m availability_zone_id                           = (known after apply)
      [32m+[0m[0m cidr_block                                     = "10.10.11.0/24"
      [32m+[0m[0m enable_dns64                                   = false
      [32m+[0m[0m enable_resource_name_dns_a_record_on_launch    = false
      [32m+[0m[0m enable_resource_name_dns_aaaa_record_on_launch = false
      [32m+[0m[0m id                                             = (known after apply)
      [32m+[0m[0m ipv6_cidr_block_association_id                 = (known after apply)
      [32m+[0m[0m ipv6_native                                    = false
      [32m+[0m[0m map_public_ip_on_launch                        = false
      [32m+[0m[0m owner_id                                       = (known after apply)
      [32m+[0m[0m private_dns_hostname_type_on_launch            = (known after apply)
      [32m+[0m[0m tags                                           = {
          [32m+[0m[0m "Name" = "terraform-dr-private-ap-northeast-2c"
        }
      [32m+[0m[0m tags_all                                       = {
          [32m+[0m[0m "Name" = "terraform-dr-private-ap-northeast-2c"
        }
      [32m+[0m[0m vpc_id                                         = (known after apply)
    }

[1m  # module.vpc.aws_subnet.public[0][0m will be created
[0m  [32m+[0m[0m resource "aws_subnet" "public" {
      [32m+[0m[0m arn                                            = (known after apply)
      [32m+[0m[0m assign_ipv6_address_on_creation                = false
      [32m+[0m[0m availability_zone                              = "ap-northeast-2a"
      [32m+[0m[0m availability_zone_id                           = (known after apply)
      [32m+[0m[0m cidr_block                                     = "10.10.1.0/24"
      [32m+[0m[0m enable_dns64                                   = false
      [32m+[0m[0m enable_resource_name_dns_a_record_on_launch    = false
      [32m+[0m[0m enable_resource_name_dns_aaaa_record_on_launch = false
      [32m+[0m[0m id                                             = (known after apply)
      [32m+[0m[0m ipv6_cidr_block_association_id                 = (known after apply)
      [32m+[0m[0m ipv6_native                                    = false
      [32m+[0m[0m map_public_ip_on_launch                        = true
      [32m+[0m[0m owner_id                                       = (known after apply)
      [32m+[0m[0m private_dns_hostname_type_on_launch            = (known after apply)
      [32m+[0m[0m tags                                           = {
          [32m+[0m[0m "Name" = "terraform-dr-public-ap-northeast-2a"
        }
      [32m+[0m[0m tags_all                                       = {
          [32m+[0m[0m "Name" = "terraform-dr-public-ap-northeast-2a"
        }
      [32m+[0m[0m vpc_id                                         = (known after apply)
    }

[1m  # module.vpc.aws_subnet.public[1][0m will be created
[0m  [32m+[0m[0m resource "aws_subnet" "public" {
      [32m+[0m[0m arn                                            = (known after apply)
      [32m+[0m[0m assign_ipv6_address_on_creation                = false
      [32m+[0m[0m availability_zone                              = "ap-northeast-2c"
      [32m+[0m[0m availability_zone_id                           = (known after apply)
      [32m+[0m[0m cidr_block                                     = "10.10.2.0/24"
      [32m+[0m[0m enable_dns64                                   = false
      [32m+[0m[0m enable_resource_name_dns_a_record_on_launch    = false
      [32m+[0m[0m enable_resource_name_dns_aaaa_record_on_launch = false
      [32m+[0m[0m id                                             = (known after apply)
      [32m+[0m[0m ipv6_cidr_block_association_id                 = (known after apply)
      [32m+[0m[0m ipv6_native                                    = false
      [32m+[0m[0m map_public_ip_on_launch                        = true
      [32m+[0m[0m owner_id                                       = (known after apply)
      [32m+[0m[0m private_dns_hostname_type_on_launch            = (known after apply)
      [32m+[0m[0m tags                                           = {
          [32m+[0m[0m "Name" = "terraform-dr-public-ap-northeast-2c"
        }
      [32m+[0m[0m tags_all                                       = {
          [32m+[0m[0m "Name" = "terraform-dr-public-ap-northeast-2c"
        }
      [32m+[0m[0m vpc_id                                         = (known after apply)
    }

[1m  # module.vpc.aws_vpc.this[0m will be created
[0m  [32m+[0m[0m resource "aws_vpc" "this" {
      [32m+[0m[0m arn                                  = (known after apply)
      [32m+[0m[0m cidr_block                           = "10.10.0.0/16"
      [32m+[0m[0m default_network_acl_id               = (known after apply)
      [32m+[0m[0m default_route_table_id               = (known after apply)
      [32m+[0m[0m default_security_group_id            = (known after apply)
      [32m+[0m[0m dhcp_options_id                      = (known after apply)
      [32m+[0m[0m enable_dns_hostnames                 = true
      [32m+[0m[0m enable_dns_support                   = true
      [32m+[0m[0m enable_network_address_usage_metrics = (known after apply)
      [32m+[0m[0m id                                   = (known after apply)
      [32m+[0m[0m instance_tenancy                     = "default"
      [32m+[0m[0m ipv6_association_id                  = (known after apply)
      [32m+[0m[0m ipv6_cidr_block                      = (known after apply)
      [32m+[0m[0m ipv6_cidr_block_network_border_group = (known after apply)
      [32m+[0m[0m main_route_table_id                  = (known after apply)
      [32m+[0m[0m owner_id                             = (known after apply)
      [32m+[0m[0m tags                                 = {
          [32m+[0m[0m "Name" = "terraform-dr-vpc"
        }
      [32m+[0m[0m tags_all                             = {
          [32m+[0m[0m "Name" = "terraform-dr-vpc"
        }
    }

[1mPlan:[0m [0m18 to add, 0 to change, 0 to destroy.
[0m[1mmodule.vpc.aws_vpc.this: Creating...[0m[0m
[0m[1mmodule.vpc.aws_eip.nat[0]: Creating...[0m[0m
[0m[1mmodule.vpc.aws_eip.nat[0]: Creation complete after 1s [id=eipalloc-0c809f44edafdd766][0m
[0m[1mmodule.vpc.aws_vpc.this: Still creating... [00m10s elapsed][0m[0m
[0m[1mmodule.vpc.aws_vpc.this: Creation complete after 13s [id=vpc-0bcd864f7d7d725d0][0m
[0m[1mmodule.vpc.aws_route_table.private[1]: Creating...[0m[0m
[0m[1mmodule.vpc.aws_internet_gateway.this: Creating...[0m[0m
[0m[1mmodule.vpc.aws_subnet.private[1]: Creating...[0m[0m
[0m[1mmodule.vpc.aws_subnet.public[1]: Creating...[0m[0m
[0m[1mmodule.vpc.aws_route_table.private[0]: Creating...[0m[0m
[0m[1mmodule.vpc.aws_route_table.public: Creating...[0m[0m
[0m[1mmodule.vpc.aws_subnet.private[0]: Creating...[0m[0m
[0m[1mmodule.vpc.aws_subnet.public[0]: Creating...[0m[0m
[0m[1mmodule.vpc.aws_route_table.public: Creation complete after 2s [id=rtb-075aee0d65ab2aa71][0m
[0m[1mmodule.vpc.aws_route_table.private[1]: Creation complete after 2s [id=rtb-07769d08973058248][0m
[0m[1mmodule.vpc.aws_route_table.private[0]: Creation complete after 2s [id=rtb-00d7f36160ccd2b30][0m
[0m[1mmodule.vpc.aws_internet_gateway.this: Creation complete after 2s [id=igw-02ab6677e08440c90][0m
[0m[1mmodule.vpc.aws_route.public_igw: Creating...[0m[0m
[0m[1mmodule.vpc.aws_subnet.private[0]: Creation complete after 2s [id=subnet-090077dfabe273ca0][0m
[0m[1mmodule.vpc.aws_subnet.private[1]: Creation complete after 2s [id=subnet-04a81974355bf26bf][0m
[0m[1mmodule.vpc.aws_route_table_association.private[1]: Creating...[0m[0m
[0m[1mmodule.vpc.aws_route_table_association.private[0]: Creating...[0m[0m
[0m[1mmodule.vpc.aws_route.public_igw: Creation complete after 0s [id=r-rtb-075aee0d65ab2aa711080289494][0m
[0m[1mmodule.vpc.aws_route_table_association.private[0]: Creation complete after 1s [id=rtbassoc-098f953567202bcfa][0m
[0m[1mmodule.vpc.aws_route_table_association.private[1]: Creation complete after 1s [id=rtbassoc-0773134a352b4d5e3][0m
[0m[1mmodule.vpc.aws_subnet.public[1]: Still creating... [00m10s elapsed][0m[0m
[0m[1mmodule.vpc.aws_subnet.public[0]: Still creating... [00m10s elapsed][0m[0m
[0m[1mmodule.vpc.aws_subnet.public[1]: Creation complete after 12s [id=subnet-09901647701b1e761][0m
[0m[1mmodule.vpc.aws_subnet.public[0]: Creation complete after 12s [id=subnet-00aba0d34ab1fc596][0m
[0m[1mmodule.vpc.aws_route_table_association.public[1]: Creating...[0m[0m
[0m[1mmodule.vpc.aws_route_table_association.public[0]: Creating...[0m[0m
[0m[1mmodule.vpc.aws_nat_gateway.this[0]: Creating...[0m[0m
[0m[1mmodule.vpc.aws_route_table_association.public[1]: Creation complete after 0s [id=rtbassoc-0558357da472fb68a][0m
[0m[1mmodule.vpc.aws_route_table_association.public[0]: Creation complete after 0s [id=rtbassoc-0ce927682e8afb3de][0m
[0m[1mmodule.vpc.aws_nat_gateway.this[0]: Still creating... [00m10s elapsed][0m[0m
[0m[1mmodule.vpc.aws_nat_gateway.this[0]: Still creating... [00m20s elapsed][0m[0m
[0m[1mmodule.vpc.aws_nat_gateway.this[0]: Still creating... [00m30s elapsed][0m[0m
[0m[1mmodule.vpc.aws_nat_gateway.this[0]: Still creating... [00m40s elapsed][0m[0m
[0m[1mmodule.vpc.aws_nat_gateway.this[0]: Still creating... [00m50s elapsed][0m[0m
[0m[1mmodule.vpc.aws_nat_gateway.this[0]: Still creating... [01m00s elapsed][0m[0m
[0m[1mmodule.vpc.aws_nat_gateway.this[0]: Still creating... [01m10s elapsed][0m[0m
[0m[1mmodule.vpc.aws_nat_gateway.this[0]: Still creating... [01m20s elapsed][0m[0m
[0m[1mmodule.vpc.aws_nat_gateway.this[0]: Still creating... [01m30s elapsed][0m[0m
[0m[1mmodule.vpc.aws_nat_gateway.this[0]: Still creating... [01m40s elapsed][0m[0m
[0m[1mmodule.vpc.aws_nat_gateway.this[0]: Creation complete after 1m44s [id=nat-053a5d214afdbc142][0m
[0m[1mmodule.vpc.aws_route.private_nat[0]: Creating...[0m[0m
[0m[1mmodule.vpc.aws_route.private_nat[1]: Creating...[0m[0m
[0m[1mmodule.vpc.aws_route.private_nat[0]: Creation complete after 1s [id=r-rtb-00d7f36160ccd2b301080289494][0m
[0m[1mmodule.vpc.aws_route.private_nat[1]: Creation complete after 1s [id=r-rtb-07769d089730582481080289494][0m
[33m╷[0m[0m
[33m│[0m [0m[1m[33mWarning: [0m[0m[1mValue for undeclared variable[0m
[33m│[0m [0m
[33m│[0m [0m[0mThe root module does not declare a variable named "onprem_public_ip" but a
[33m│[0m [0mvalue was found in file "terraform.tfvars". If you meant to use this value,
[33m│[0m [0madd a "variable" block to the configuration.
[33m│[0m [0m
[33m│[0m [0mTo silence these warnings, use TF_VAR_... environment variables to provide
[33m│[0m [0mcertain "global" settings to all configurations in your organization. To
[33m│[0m [0mreduce the verbosity of these warnings, use the -compact-warnings option.
[33m╵[0m[0m
[33m╷[0m[0m
[33m│[0m [0m[1m[33mWarning: [0m[0m[1mValue for undeclared variable[0m
[33m│[0m [0m
[33m│[0m [0m[0mThe root module does not declare a variable named "onprem_cidr" but a value
[33m│[0m [0mwas found in file "terraform.tfvars". If you meant to use this value, add a
[33m│[0m [0m"variable" block to the configuration.
[33m│[0m [0m
[33m│[0m [0mTo silence these warnings, use TF_VAR_... environment variables to provide
[33m│[0m [0mcertain "global" settings to all configurations in your organization. To
[33m│[0m [0mreduce the verbosity of these warnings, use the -compact-warnings option.
[33m╵[0m[0m
[0m[1m[32m
Apply complete! Resources: 18 added, 0 changed, 0 destroyed.[0m
